// !$*UTF8*$!
{
	archiveVersion = 1;
	classes = {
	};
	objectVersion = 56;
	objects = {

/* Begin PBXBuildFile section */
		10153C2429D5CC1D000EEB8D /* ExamResultView.swift in Sources */ = {isa = PBXBuildFile; fileRef = 10153C2329D5CC1D000EEB8D /* ExamResultView.swift */; };
		10153C2529D5CC1D000EEB8D /* ExamResultView.swift in Sources */ = {isa = PBXBuildFile; fileRef = 10153C2329D5CC1D000EEB8D /* ExamResultView.swift */; };
		10153C2629D5CC1D000EEB8D /* ExamResultView.swift in Sources */ = {isa = PBXBuildFile; fileRef = 10153C2329D5CC1D000EEB8D /* ExamResultView.swift */; };
		10153C2829D69B7F000EEB8D /* ExamView.swift in Sources */ = {isa = PBXBuildFile; fileRef = 10153C2729D69B7F000EEB8D /* ExamView.swift */; };
		10153C2929D69B7F000EEB8D /* ExamView.swift in Sources */ = {isa = PBXBuildFile; fileRef = 10153C2729D69B7F000EEB8D /* ExamView.swift */; };
		10153C2A29D69B7F000EEB8D /* ExamView.swift in Sources */ = {isa = PBXBuildFile; fileRef = 10153C2729D69B7F000EEB8D /* ExamView.swift */; };
		10153C2D29D6DD3E000EEB8D /* DropdownView.swift in Sources */ = {isa = PBXBuildFile; fileRef = 10153C2C29D6DD3E000EEB8D /* DropdownView.swift */; };
		10153C2E29D6DD3E000EEB8D /* DropdownView.swift in Sources */ = {isa = PBXBuildFile; fileRef = 10153C2C29D6DD3E000EEB8D /* DropdownView.swift */; };
		10153C2F29D6DD3E000EEB8D /* DropdownView.swift in Sources */ = {isa = PBXBuildFile; fileRef = 10153C2C29D6DD3E000EEB8D /* DropdownView.swift */; };
		103F556D29D49F6200212C6D /* DrugExam_2020App.swift in Sources */ = {isa = PBXBuildFile; fileRef = 103F556C29D49F6200212C6D /* DrugExam_2020App.swift */; };
		103F556F29D49F6200212C6D /* ContentView.swift in Sources */ = {isa = PBXBuildFile; fileRef = 103F556E29D49F6200212C6D /* ContentView.swift */; };
		103F557129D49F6300212C6D /* Assets.xcassets in Resources */ = {isa = PBXBuildFile; fileRef = 103F557029D49F6300212C6D /* Assets.xcassets */; };
		103F557429D49F6300212C6D /* Preview Assets.xcassets in Resources */ = {isa = PBXBuildFile; fileRef = 103F557329D49F6300212C6D /* Preview Assets.xcassets */; };
		103F557E29D49F6300212C6D /* DrugExam_2020Tests.swift in Sources */ = {isa = PBXBuildFile; fileRef = 103F557D29D49F6300212C6D /* DrugExam_2020Tests.swift */; };
		103F558829D49F6300212C6D /* DrugExam_2020UITests.swift in Sources */ = {isa = PBXBuildFile; fileRef = 103F558729D49F6300212C6D /* DrugExam_2020UITests.swift */; };
		103F558A29D49F6300212C6D /* DrugExam_2020UITestsLaunchTests.swift in Sources */ = {isa = PBXBuildFile; fileRef = 103F558929D49F6300212C6D /* DrugExam_2020UITestsLaunchTests.swift */; };
		103F559829D49F8D00212C6D /* LogInView.swift in Sources */ = {isa = PBXBuildFile; fileRef = 103F559729D49F8D00212C6D /* LogInView.swift */; };
		103F559929D49F8D00212C6D /* LogInView.swift in Sources */ = {isa = PBXBuildFile; fileRef = 103F559729D49F8D00212C6D /* LogInView.swift */; };
		103F559A29D49F8D00212C6D /* LogInView.swift in Sources */ = {isa = PBXBuildFile; fileRef = 103F559729D49F8D00212C6D /* LogInView.swift */; };
		1089A5CB29D58B11002CD74F /* FloatingSecureTextField.swift in Sources */ = {isa = PBXBuildFile; fileRef = 1089A5C929D58B11002CD74F /* FloatingSecureTextField.swift */; };
		1089A5CC29D58B11002CD74F /* FloatingSecureTextField.swift in Sources */ = {isa = PBXBuildFile; fileRef = 1089A5C929D58B11002CD74F /* FloatingSecureTextField.swift */; };
		1089A5CD29D58B11002CD74F /* FloatingSecureTextField.swift in Sources */ = {isa = PBXBuildFile; fileRef = 1089A5C929D58B11002CD74F /* FloatingSecureTextField.swift */; };
		1089A5CE29D58B11002CD74F /* FloatingTextField.swift in Sources */ = {isa = PBXBuildFile; fileRef = 1089A5CA29D58B11002CD74F /* FloatingTextField.swift */; };
		1089A5CF29D58B11002CD74F /* FloatingTextField.swift in Sources */ = {isa = PBXBuildFile; fileRef = 1089A5CA29D58B11002CD74F /* FloatingTextField.swift */; };
		1089A5D029D58B11002CD74F /* FloatingTextField.swift in Sources */ = {isa = PBXBuildFile; fileRef = 1089A5CA29D58B11002CD74F /* FloatingTextField.swift */; };
		1089A5D229D59074002CD74F /* DashboardView.swift in Sources */ = {isa = PBXBuildFile; fileRef = 1089A5D129D59074002CD74F /* DashboardView.swift */; };
		1089A5D329D59074002CD74F /* DashboardView.swift in Sources */ = {isa = PBXBuildFile; fileRef = 1089A5D129D59074002CD74F /* DashboardView.swift */; };
		1089A5D429D59074002CD74F /* DashboardView.swift in Sources */ = {isa = PBXBuildFile; fileRef = 1089A5D129D59074002CD74F /* DashboardView.swift */; };
		7B2498ED29DA7E0E00CDD93E /* QuestionInfo.swift in Sources */ = {isa = PBXBuildFile; fileRef = 7B2498EC29DA7E0E00CDD93E /* QuestionInfo.swift */; };
		7B2498EE29DA7E0E00CDD93E /* QuestionInfo.swift in Sources */ = {isa = PBXBuildFile; fileRef = 7B2498EC29DA7E0E00CDD93E /* QuestionInfo.swift */; };
		7B2498EF29DA7E0E00CDD93E /* QuestionInfo.swift in Sources */ = {isa = PBXBuildFile; fileRef = 7B2498EC29DA7E0E00CDD93E /* QuestionInfo.swift */; };
		7B2498F229DA7F2F00CDD93E /* Question.swift in Sources */ = {isa = PBXBuildFile; fileRef = 7B2498F129DA7F2F00CDD93E /* Question.swift */; };
		7B2498F329DA7F2F00CDD93E /* Question.swift in Sources */ = {isa = PBXBuildFile; fileRef = 7B2498F129DA7F2F00CDD93E /* Question.swift */; };
		7B2498F429DA7F2F00CDD93E /* Question.swift in Sources */ = {isa = PBXBuildFile; fileRef = 7B2498F129DA7F2F00CDD93E /* Question.swift */; };
		7B2498F629DA828500CDD93E /* QuestionData.swift in Sources */ = {isa = PBXBuildFile; fileRef = 7B2498F529DA828500CDD93E /* QuestionData.swift */; };
		7B2498F729DA828500CDD93E /* QuestionData.swift in Sources */ = {isa = PBXBuildFile; fileRef = 7B2498F529DA828500CDD93E /* QuestionData.swift */; };
		7B2498F829DA828500CDD93E /* QuestionData.swift in Sources */ = {isa = PBXBuildFile; fileRef = 7B2498F529DA828500CDD93E /* QuestionData.swift */; };
		7B66183E29D92AF40032A0AF /* UserData.swift in Sources */ = {isa = PBXBuildFile; fileRef = 7B66183D29D92AF40032A0AF /* UserData.swift */; };
		7B66183F29D92AF40032A0AF /* UserData.swift in Sources */ = {isa = PBXBuildFile; fileRef = 7B66183D29D92AF40032A0AF /* UserData.swift */; };
		7B66184029D92AF40032A0AF /* UserData.swift in Sources */ = {isa = PBXBuildFile; fileRef = 7B66183D29D92AF40032A0AF /* UserData.swift */; };
		7B66184429D92C600032A0AF /* LogInPost.swift in Sources */ = {isa = PBXBuildFile; fileRef = 7B66184329D92C600032A0AF /* LogInPost.swift */; };
		7B66184529D92C600032A0AF /* LogInPost.swift in Sources */ = {isa = PBXBuildFile; fileRef = 7B66184329D92C600032A0AF /* LogInPost.swift */; };
		7B66184629D92C600032A0AF /* LogInPost.swift in Sources */ = {isa = PBXBuildFile; fileRef = 7B66184329D92C600032A0AF /* LogInPost.swift */; };
		7B66184829D92C690032A0AF /* LogInRes.swift in Sources */ = {isa = PBXBuildFile; fileRef = 7B66184729D92C690032A0AF /* LogInRes.swift */; };
		7B66184929D92C690032A0AF /* LogInRes.swift in Sources */ = {isa = PBXBuildFile; fileRef = 7B66184729D92C690032A0AF /* LogInRes.swift */; };
		7B66184A29D92C690032A0AF /* LogInRes.swift in Sources */ = {isa = PBXBuildFile; fileRef = 7B66184729D92C690032A0AF /* LogInRes.swift */; };
		7B66184D29D937F70032A0AF /* Alamofire in Frameworks */ = {isa = PBXBuildFile; productRef = 7B66184C29D937F70032A0AF /* Alamofire */; };
		7B66185029D938B50032A0AF /* LogInAuth.swift in Sources */ = {isa = PBXBuildFile; fileRef = 7B66184F29D938B50032A0AF /* LogInAuth.swift */; };
		7B66185129D938B50032A0AF /* LogInAuth.swift in Sources */ = {isa = PBXBuildFile; fileRef = 7B66184F29D938B50032A0AF /* LogInAuth.swift */; };
		7B66185229D938B50032A0AF /* LogInAuth.swift in Sources */ = {isa = PBXBuildFile; fileRef = 7B66184F29D938B50032A0AF /* LogInAuth.swift */; };
		7B66185529D939380032A0AF /* Api.swift in Sources */ = {isa = PBXBuildFile; fileRef = 7B66185429D939380032A0AF /* Api.swift */; };
		7B66185629D939380032A0AF /* Api.swift in Sources */ = {isa = PBXBuildFile; fileRef = 7B66185429D939380032A0AF /* Api.swift */; };
		7B66185729D939380032A0AF /* Api.swift in Sources */ = {isa = PBXBuildFile; fileRef = 7B66185429D939380032A0AF /* Api.swift */; };
		7B66185D29D951FD0032A0AF /* ToastNotification.swift in Sources */ = {isa = PBXBuildFile; fileRef = 7B66185A29D951FD0032A0AF /* ToastNotification.swift */; };
		7B66185E29D951FD0032A0AF /* ToastNotification.swift in Sources */ = {isa = PBXBuildFile; fileRef = 7B66185A29D951FD0032A0AF /* ToastNotification.swift */; };
		7B66185F29D951FD0032A0AF /* ToastNotification.swift in Sources */ = {isa = PBXBuildFile; fileRef = 7B66185A29D951FD0032A0AF /* ToastNotification.swift */; };
		7B66186429D95C320032A0AF /* UpcomingExamInfo.swift in Sources */ = {isa = PBXBuildFile; fileRef = 7B66186329D95C320032A0AF /* UpcomingExamInfo.swift */; };
		7B66186529D95C320032A0AF /* UpcomingExamInfo.swift in Sources */ = {isa = PBXBuildFile; fileRef = 7B66186329D95C320032A0AF /* UpcomingExamInfo.swift */; };
		7B66186629D95C320032A0AF /* UpcomingExamInfo.swift in Sources */ = {isa = PBXBuildFile; fileRef = 7B66186329D95C320032A0AF /* UpcomingExamInfo.swift */; };
		7B66186929D95D880032A0AF /* UpcomingExam.swift in Sources */ = {isa = PBXBuildFile; fileRef = 7B66186829D95D880032A0AF /* UpcomingExam.swift */; };
		7B66186A29D95D880032A0AF /* UpcomingExam.swift in Sources */ = {isa = PBXBuildFile; fileRef = 7B66186829D95D880032A0AF /* UpcomingExam.swift */; };
		7B66186B29D95D880032A0AF /* UpcomingExam.swift in Sources */ = {isa = PBXBuildFile; fileRef = 7B66186829D95D880032A0AF /* UpcomingExam.swift */; };
		7B66186D29D96B5C0032A0AF /* ExamResultInfo.swift in Sources */ = {isa = PBXBuildFile; fileRef = 7B66186C29D96B5C0032A0AF /* ExamResultInfo.swift */; };
		7B66186E29D96B5C0032A0AF /* ExamResultInfo.swift in Sources */ = {isa = PBXBuildFile; fileRef = 7B66186C29D96B5C0032A0AF /* ExamResultInfo.swift */; };
		7B66186F29D96B5C0032A0AF /* ExamResultInfo.swift in Sources */ = {isa = PBXBuildFile; fileRef = 7B66186C29D96B5C0032A0AF /* ExamResultInfo.swift */; };
		7B66187229D96CD60032A0AF /* ExamResult.swift in Sources */ = {isa = PBXBuildFile; fileRef = 7B66187129D96CD60032A0AF /* ExamResult.swift */; };
		7B66187329D96CD60032A0AF /* ExamResult.swift in Sources */ = {isa = PBXBuildFile; fileRef = 7B66187129D96CD60032A0AF /* ExamResult.swift */; };
		7B66187429D96CD60032A0AF /* ExamResult.swift in Sources */ = {isa = PBXBuildFile; fileRef = 7B66187129D96CD60032A0AF /* ExamResult.swift */; };
		7B66187729D973C20032A0AF /* DecimelLimit.swift in Sources */ = {isa = PBXBuildFile; fileRef = 7B66187629D973C20032A0AF /* DecimelLimit.swift */; };
		7B66187829D973C20032A0AF /* DecimelLimit.swift in Sources */ = {isa = PBXBuildFile; fileRef = 7B66187629D973C20032A0AF /* DecimelLimit.swift */; };
		7B66187929D973C20032A0AF /* DecimelLimit.swift in Sources */ = {isa = PBXBuildFile; fileRef = 7B66187629D973C20032A0AF /* DecimelLimit.swift */; };
		7B693A8C29E13EE600DF5D52 /* LoadingAnimationCircle.swift in Sources */ = {isa = PBXBuildFile; fileRef = 7B693A8B29E13EE600DF5D52 /* LoadingAnimationCircle.swift */; };
		7B693A8D29E13EE600DF5D52 /* LoadingAnimationCircle.swift in Sources */ = {isa = PBXBuildFile; fileRef = 7B693A8B29E13EE600DF5D52 /* LoadingAnimationCircle.swift */; };
		7B693A8E29E13EE600DF5D52 /* LoadingAnimationCircle.swift in Sources */ = {isa = PBXBuildFile; fileRef = 7B693A8B29E13EE600DF5D52 /* LoadingAnimationCircle.swift */; };
		7B8757BF29D835FF00F87C04 /* Timer.swift in Sources */ = {isa = PBXBuildFile; fileRef = 7B8757BE29D835FF00F87C04 /* Timer.swift */; };
		7B8757C029D835FF00F87C04 /* Timer.swift in Sources */ = {isa = PBXBuildFile; fileRef = 7B8757BE29D835FF00F87C04 /* Timer.swift */; };
		7B8757C129D835FF00F87C04 /* Timer.swift in Sources */ = {isa = PBXBuildFile; fileRef = 7B8757BE29D835FF00F87C04 /* Timer.swift */; };
		7BBA57E129DBD8A700203220 /* ButtonModifier.swift in Sources */ = {isa = PBXBuildFile; fileRef = 7BBA57E029DBD8A700203220 /* ButtonModifier.swift */; };
		7BBA57E229DBD8A700203220 /* ButtonModifier.swift in Sources */ = {isa = PBXBuildFile; fileRef = 7BBA57E029DBD8A700203220 /* ButtonModifier.swift */; };
		7BBA57E329DBD8A700203220 /* ButtonModifier.swift in Sources */ = {isa = PBXBuildFile; fileRef = 7BBA57E029DBD8A700203220 /* ButtonModifier.swift */; };
		7BBA57E629DC1A5B00203220 /* ExamPostModel.swift in Sources */ = {isa = PBXBuildFile; fileRef = 7BBA57E529DC1A5B00203220 /* ExamPostModel.swift */; };
		7BBA57E729DC1A5B00203220 /* ExamPostModel.swift in Sources */ = {isa = PBXBuildFile; fileRef = 7BBA57E529DC1A5B00203220 /* ExamPostModel.swift */; };
		7BBA57E829DC1A5B00203220 /* ExamPostModel.swift in Sources */ = {isa = PBXBuildFile; fileRef = 7BBA57E529DC1A5B00203220 /* ExamPostModel.swift */; };
		7BBA57EA29DC1AE700203220 /* ExamPost.swift in Sources */ = {isa = PBXBuildFile; fileRef = 7BBA57E929DC1AE700203220 /* ExamPost.swift */; };
		7BBA57EB29DC1AE700203220 /* ExamPost.swift in Sources */ = {isa = PBXBuildFile; fileRef = 7BBA57E929DC1AE700203220 /* ExamPost.swift */; };
		7BBA57EC29DC1AE700203220 /* ExamPost.swift in Sources */ = {isa = PBXBuildFile; fileRef = 7BBA57E929DC1AE700203220 /* ExamPost.swift */; };
		7BBA57EE29DC20D400203220 /* ExamResModel.swift in Sources */ = {isa = PBXBuildFile; fileRef = 7BBA57ED29DC20D400203220 /* ExamResModel.swift */; };
		7BBA57EF29DC20D400203220 /* ExamResModel.swift in Sources */ = {isa = PBXBuildFile; fileRef = 7BBA57ED29DC20D400203220 /* ExamResModel.swift */; };
		7BBA57F029DC20D400203220 /* ExamResModel.swift in Sources */ = {isa = PBXBuildFile; fileRef = 7BBA57ED29DC20D400203220 /* ExamResModel.swift */; };
/* End PBXBuildFile section */

/* Begin PBXContainerItemProxy section */
		103F557A29D49F6300212C6D /* PBXContainerItemProxy */ = {
			isa = PBXContainerItemProxy;
			containerPortal = 103F556129D49F6200212C6D /* Project object */;
			proxyType = 1;
			remoteGlobalIDString = 103F556829D49F6200212C6D;
			remoteInfo = "DrugExam 2020";
		};
		103F558429D49F6300212C6D /* PBXContainerItemProxy */ = {
			isa = PBXContainerItemProxy;
			containerPortal = 103F556129D49F6200212C6D /* Project object */;
			proxyType = 1;
			remoteGlobalIDString = 103F556829D49F6200212C6D;
			remoteInfo = "DrugExam 2020";
		};
/* End PBXContainerItemProxy section */

/* Begin PBXFileReference section */
		10153C2329D5CC1D000EEB8D /* ExamResultView.swift */ = {isa = PBXFileReference; lastKnownFileType = sourcecode.swift; path = ExamResultView.swift; sourceTree = "<group>"; };
		10153C2729D69B7F000EEB8D /* ExamView.swift */ = {isa = PBXFileReference; lastKnownFileType = sourcecode.swift; path = ExamView.swift; sourceTree = "<group>"; };
		10153C2C29D6DD3E000EEB8D /* DropdownView.swift */ = {isa = PBXFileReference; lastKnownFileType = sourcecode.swift; path = DropdownView.swift; sourceTree = "<group>"; };
		103F556929D49F6200212C6D /* DrugExam 2020.app */ = {isa = PBXFileReference; explicitFileType = wrapper.application; includeInIndex = 0; path = "DrugExam 2020.app"; sourceTree = BUILT_PRODUCTS_DIR; };
		103F556C29D49F6200212C6D /* DrugExam_2020App.swift */ = {isa = PBXFileReference; lastKnownFileType = sourcecode.swift; path = DrugExam_2020App.swift; sourceTree = "<group>"; };
		103F556E29D49F6200212C6D /* ContentView.swift */ = {isa = PBXFileReference; lastKnownFileType = sourcecode.swift; path = ContentView.swift; sourceTree = "<group>"; };
		103F557029D49F6300212C6D /* Assets.xcassets */ = {isa = PBXFileReference; lastKnownFileType = folder.assetcatalog; path = Assets.xcassets; sourceTree = "<group>"; };
		103F557329D49F6300212C6D /* Preview Assets.xcassets */ = {isa = PBXFileReference; lastKnownFileType = folder.assetcatalog; path = "Preview Assets.xcassets"; sourceTree = "<group>"; };
		103F557929D49F6300212C6D /* DrugExam 2020Tests.xctest */ = {isa = PBXFileReference; explicitFileType = wrapper.cfbundle; includeInIndex = 0; path = "DrugExam 2020Tests.xctest"; sourceTree = BUILT_PRODUCTS_DIR; };
		103F557D29D49F6300212C6D /* DrugExam_2020Tests.swift */ = {isa = PBXFileReference; lastKnownFileType = sourcecode.swift; path = DrugExam_2020Tests.swift; sourceTree = "<group>"; };
		103F558329D49F6300212C6D /* DrugExam 2020UITests.xctest */ = {isa = PBXFileReference; explicitFileType = wrapper.cfbundle; includeInIndex = 0; path = "DrugExam 2020UITests.xctest"; sourceTree = BUILT_PRODUCTS_DIR; };
		103F558729D49F6300212C6D /* DrugExam_2020UITests.swift */ = {isa = PBXFileReference; lastKnownFileType = sourcecode.swift; path = DrugExam_2020UITests.swift; sourceTree = "<group>"; };
		103F558929D49F6300212C6D /* DrugExam_2020UITestsLaunchTests.swift */ = {isa = PBXFileReference; lastKnownFileType = sourcecode.swift; path = DrugExam_2020UITestsLaunchTests.swift; sourceTree = "<group>"; };
		103F559729D49F8D00212C6D /* LogInView.swift */ = {isa = PBXFileReference; lastKnownFileType = sourcecode.swift; path = LogInView.swift; sourceTree = "<group>"; };
		1089A5C929D58B11002CD74F /* FloatingSecureTextField.swift */ = {isa = PBXFileReference; fileEncoding = 4; lastKnownFileType = sourcecode.swift; path = FloatingSecureTextField.swift; sourceTree = "<group>"; };
		1089A5CA29D58B11002CD74F /* FloatingTextField.swift */ = {isa = PBXFileReference; fileEncoding = 4; lastKnownFileType = sourcecode.swift; path = FloatingTextField.swift; sourceTree = "<group>"; };
		1089A5D129D59074002CD74F /* DashboardView.swift */ = {isa = PBXFileReference; lastKnownFileType = sourcecode.swift; path = DashboardView.swift; sourceTree = "<group>"; };
		7B2498EC29DA7E0E00CDD93E /* QuestionInfo.swift */ = {isa = PBXFileReference; lastKnownFileType = sourcecode.swift; path = QuestionInfo.swift; sourceTree = "<group>"; };
		7B2498F129DA7F2F00CDD93E /* Question.swift */ = {isa = PBXFileReference; lastKnownFileType = sourcecode.swift; path = Question.swift; sourceTree = "<group>"; };
		7B2498F529DA828500CDD93E /* QuestionData.swift */ = {isa = PBXFileReference; lastKnownFileType = sourcecode.swift; path = QuestionData.swift; sourceTree = "<group>"; };
		7B66183D29D92AF40032A0AF /* UserData.swift */ = {isa = PBXFileReference; lastKnownFileType = sourcecode.swift; path = UserData.swift; sourceTree = "<group>"; };
		7B66184329D92C600032A0AF /* LogInPost.swift */ = {isa = PBXFileReference; lastKnownFileType = sourcecode.swift; path = LogInPost.swift; sourceTree = "<group>"; };
		7B66184729D92C690032A0AF /* LogInRes.swift */ = {isa = PBXFileReference; lastKnownFileType = sourcecode.swift; path = LogInRes.swift; sourceTree = "<group>"; };
		7B66184F29D938B50032A0AF /* LogInAuth.swift */ = {isa = PBXFileReference; lastKnownFileType = sourcecode.swift; path = LogInAuth.swift; sourceTree = "<group>"; };
		7B66185429D939380032A0AF /* Api.swift */ = {isa = PBXFileReference; lastKnownFileType = sourcecode.swift; path = Api.swift; sourceTree = "<group>"; };
		7B66185A29D951FD0032A0AF /* ToastNotification.swift */ = {isa = PBXFileReference; fileEncoding = 4; lastKnownFileType = sourcecode.swift; path = ToastNotification.swift; sourceTree = "<group>"; };
		7B66186329D95C320032A0AF /* UpcomingExamInfo.swift */ = {isa = PBXFileReference; lastKnownFileType = sourcecode.swift; path = UpcomingExamInfo.swift; sourceTree = "<group>"; };
		7B66186829D95D880032A0AF /* UpcomingExam.swift */ = {isa = PBXFileReference; lastKnownFileType = sourcecode.swift; path = UpcomingExam.swift; sourceTree = "<group>"; };
		7B66186C29D96B5C0032A0AF /* ExamResultInfo.swift */ = {isa = PBXFileReference; lastKnownFileType = sourcecode.swift; path = ExamResultInfo.swift; sourceTree = "<group>"; };
		7B66187129D96CD60032A0AF /* ExamResult.swift */ = {isa = PBXFileReference; lastKnownFileType = sourcecode.swift; path = ExamResult.swift; sourceTree = "<group>"; };
		7B66187629D973C20032A0AF /* DecimelLimit.swift */ = {isa = PBXFileReference; fileEncoding = 4; lastKnownFileType = sourcecode.swift; path = DecimelLimit.swift; sourceTree = "<group>"; };
		7B693A8B29E13EE600DF5D52 /* LoadingAnimationCircle.swift */ = {isa = PBXFileReference; fileEncoding = 4; lastKnownFileType = sourcecode.swift; path = LoadingAnimationCircle.swift; sourceTree = "<group>"; };
		7B8757BE29D835FF00F87C04 /* Timer.swift */ = {isa = PBXFileReference; lastKnownFileType = sourcecode.swift; path = Timer.swift; sourceTree = "<group>"; };
		7BBA57E029DBD8A700203220 /* ButtonModifier.swift */ = {isa = PBXFileReference; lastKnownFileType = sourcecode.swift; path = ButtonModifier.swift; sourceTree = "<group>"; };
		7BBA57E529DC1A5B00203220 /* ExamPostModel.swift */ = {isa = PBXFileReference; lastKnownFileType = sourcecode.swift; path = ExamPostModel.swift; sourceTree = "<group>"; };
		7BBA57E929DC1AE700203220 /* ExamPost.swift */ = {isa = PBXFileReference; lastKnownFileType = sourcecode.swift; path = ExamPost.swift; sourceTree = "<group>"; };
		7BBA57ED29DC20D400203220 /* ExamResModel.swift */ = {isa = PBXFileReference; lastKnownFileType = sourcecode.swift; path = ExamResModel.swift; sourceTree = "<group>"; };
/* End PBXFileReference section */

/* Begin PBXFrameworksBuildPhase section */
		103F556629D49F6200212C6D /* Frameworks */ = {
			isa = PBXFrameworksBuildPhase;
			buildActionMask = 2147483647;
			files = (
				7B66184D29D937F70032A0AF /* Alamofire in Frameworks */,
			);
			runOnlyForDeploymentPostprocessing = 0;
		};
		103F557629D49F6300212C6D /* Frameworks */ = {
			isa = PBXFrameworksBuildPhase;
			buildActionMask = 2147483647;
			files = (
			);
			runOnlyForDeploymentPostprocessing = 0;
		};
		103F558029D49F6300212C6D /* Frameworks */ = {
			isa = PBXFrameworksBuildPhase;
			buildActionMask = 2147483647;
			files = (
			);
			runOnlyForDeploymentPostprocessing = 0;
		};
/* End PBXFrameworksBuildPhase section */

/* Begin PBXGroup section */
		10153C2B29D6DD12000EEB8D /* Dropdown */ = {
			isa = PBXGroup;
			children = (
				10153C2C29D6DD3E000EEB8D /* DropdownView.swift */,
			);
			path = Dropdown;
			sourceTree = "<group>";
		};
		103F556029D49F6200212C6D = {
			isa = PBXGroup;
			children = (
				103F556B29D49F6200212C6D /* DrugExam 2020 */,
				103F557C29D49F6300212C6D /* DrugExam 2020Tests */,
				103F558629D49F6300212C6D /* DrugExam 2020UITests */,
				103F556A29D49F6200212C6D /* Products */,
			);
			sourceTree = "<group>";
		};
		103F556A29D49F6200212C6D /* Products */ = {
			isa = PBXGroup;
			children = (
				103F556929D49F6200212C6D /* DrugExam 2020.app */,
				103F557929D49F6300212C6D /* DrugExam 2020Tests.xctest */,
				103F558329D49F6300212C6D /* DrugExam 2020UITests.xctest */,
			);
			name = Products;
			sourceTree = "<group>";
		};
		103F556B29D49F6200212C6D /* DrugExam 2020 */ = {
			isa = PBXGroup;
			children = (
				7B8757BC29D835E000F87C04 /* Extensions */,
				7B66185829D951FD0032A0AF /* AlertsAndWarning */,
				7B66183C29D92AC00032A0AF /* Storage */,
				7B66184E29D938940032A0AF /* Services */,
				7B66184129D92B6F0032A0AF /* Model */,
				1089A5C729D58A20002CD74F /* Views */,
				103F559629D49F7200212C6D /* Screens */,
				103F556C29D49F6200212C6D /* DrugExam_2020App.swift */,
				103F556E29D49F6200212C6D /* ContentView.swift */,
				103F557029D49F6300212C6D /* Assets.xcassets */,
				103F557229D49F6300212C6D /* Preview Content */,
			);
			path = "DrugExam 2020";
			sourceTree = "<group>";
		};
		103F557229D49F6300212C6D /* Preview Content */ = {
			isa = PBXGroup;
			children = (
				103F557329D49F6300212C6D /* Preview Assets.xcassets */,
			);
			path = "Preview Content";
			sourceTree = "<group>";
		};
		103F557C29D49F6300212C6D /* DrugExam 2020Tests */ = {
			isa = PBXGroup;
			children = (
				103F557D29D49F6300212C6D /* DrugExam_2020Tests.swift */,
			);
			path = "DrugExam 2020Tests";
			sourceTree = "<group>";
		};
		103F558629D49F6300212C6D /* DrugExam 2020UITests */ = {
			isa = PBXGroup;
			children = (
				103F558729D49F6300212C6D /* DrugExam_2020UITests.swift */,
				103F558929D49F6300212C6D /* DrugExam_2020UITestsLaunchTests.swift */,
			);
			path = "DrugExam 2020UITests";
			sourceTree = "<group>";
		};
		103F559629D49F7200212C6D /* Screens */ = {
			isa = PBXGroup;
			children = (
				103F559729D49F8D00212C6D /* LogInView.swift */,
				1089A5D129D59074002CD74F /* DashboardView.swift */,
				10153C2729D69B7F000EEB8D /* ExamView.swift */,
				10153C2329D5CC1D000EEB8D /* ExamResultView.swift */,
			);
			path = Screens;
			sourceTree = "<group>";
		};
		1089A5C729D58A20002CD74F /* Views */ = {
			isa = PBXGroup;
			children = (
				7B693A8A29E13EB900DF5D52 /* Animation */,
				10153C2B29D6DD12000EEB8D /* Dropdown */,
				1089A5C829D58B11002CD74F /* InputFields */,
			);
			path = Views;
			sourceTree = "<group>";
		};
		1089A5C829D58B11002CD74F /* InputFields */ = {
			isa = PBXGroup;
			children = (
				1089A5C929D58B11002CD74F /* FloatingSecureTextField.swift */,
				1089A5CA29D58B11002CD74F /* FloatingTextField.swift */,
			);
			path = InputFields;
			sourceTree = "<group>";
		};
		7B2498F029DA7F1C00CDD93E /* Question */ = {
			isa = PBXGroup;
			children = (
				7B2498F129DA7F2F00CDD93E /* Question.swift */,
			);
			path = Question;
			sourceTree = "<group>";
		};
		7B66183C29D92AC00032A0AF /* Storage */ = {
			isa = PBXGroup;
			children = (
				7B66183D29D92AF40032A0AF /* UserData.swift */,
				7B2498F529DA828500CDD93E /* QuestionData.swift */,
			);
			path = Storage;
			sourceTree = "<group>";
		};
		7B66184129D92B6F0032A0AF /* Model */ = {
			isa = PBXGroup;
			children = (
				7B66184229D92C480032A0AF /* Authentication */,
				7B66186729D95D710032A0AF /* UpcomingExam */,
				7B2498F029DA7F1C00CDD93E /* Question */,
				7B66187029D96CBF0032A0AF /* ExamResult */,
				7BBA57E429DC1A3B00203220 /* ExamPost */,
				7B66185329D939280032A0AF /* Api */,
			);
			path = Model;
			sourceTree = "<group>";
		};
		7B66184229D92C480032A0AF /* Authentication */ = {
			isa = PBXGroup;
			children = (
				7B66184329D92C600032A0AF /* LogInPost.swift */,
				7B66184729D92C690032A0AF /* LogInRes.swift */,
			);
			path = Authentication;
			sourceTree = "<group>";
		};
		7B66184E29D938940032A0AF /* Services */ = {
			isa = PBXGroup;
			children = (
				7B66184F29D938B50032A0AF /* LogInAuth.swift */,
				7B66186329D95C320032A0AF /* UpcomingExamInfo.swift */,
				7B66186C29D96B5C0032A0AF /* ExamResultInfo.swift */,
				7B2498EC29DA7E0E00CDD93E /* QuestionInfo.swift */,
				7BBA57E929DC1AE700203220 /* ExamPost.swift */,
			);
			path = Services;
			sourceTree = "<group>";
		};
		7B66185329D939280032A0AF /* Api */ = {
			isa = PBXGroup;
			children = (
				7B66185429D939380032A0AF /* Api.swift */,
			);
			path = Api;
			sourceTree = "<group>";
		};
		7B66185829D951FD0032A0AF /* AlertsAndWarning */ = {
			isa = PBXGroup;
			children = (
				7B66185929D951FD0032A0AF /* Toast */,
			);
			path = AlertsAndWarning;
			sourceTree = "<group>";
		};
		7B66185929D951FD0032A0AF /* Toast */ = {
			isa = PBXGroup;
			children = (
				7B66185A29D951FD0032A0AF /* ToastNotification.swift */,
			);
			path = Toast;
			sourceTree = "<group>";
		};
		7B66186729D95D710032A0AF /* UpcomingExam */ = {
			isa = PBXGroup;
			children = (
				7B66186829D95D880032A0AF /* UpcomingExam.swift */,
			);
			path = UpcomingExam;
			sourceTree = "<group>";
		};
		7B66187029D96CBF0032A0AF /* ExamResult */ = {
			isa = PBXGroup;
			children = (
				7B66187129D96CD60032A0AF /* ExamResult.swift */,
			);
			path = ExamResult;
			sourceTree = "<group>";
		};
		7B66187529D973B40032A0AF /* DecimelLimit */ = {
			isa = PBXGroup;
			children = (
				7B66187629D973C20032A0AF /* DecimelLimit.swift */,
			);
			path = DecimelLimit;
			sourceTree = "<group>";
		};
		7B693A8A29E13EB900DF5D52 /* Animation */ = {
			isa = PBXGroup;
			children = (
				7B693A8B29E13EE600DF5D52 /* LoadingAnimationCircle.swift */,
			);
			path = Animation;
			sourceTree = "<group>";
		};
		7B8757BC29D835E000F87C04 /* Extensions */ = {
			isa = PBXGroup;
			children = (
				7BBA57DF29DBD88C00203220 /* UIModifier */,
				7B8757BD29D835E900F87C04 /* Timer */,
				7B66187529D973B40032A0AF /* DecimelLimit */,
			);
			path = Extensions;
			sourceTree = "<group>";
		};
		7B8757BD29D835E900F87C04 /* Timer */ = {
			isa = PBXGroup;
			children = (
				7B8757BE29D835FF00F87C04 /* Timer.swift */,
			);
			path = Timer;
			sourceTree = "<group>";
		};
		7BBA57DF29DBD88C00203220 /* UIModifier */ = {
			isa = PBXGroup;
			children = (
				7BBA57E029DBD8A700203220 /* ButtonModifier.swift */,
			);
			path = UIModifier;
			sourceTree = "<group>";
		};
		7BBA57E429DC1A3B00203220 /* ExamPost */ = {
			isa = PBXGroup;
			children = (
				7BBA57E529DC1A5B00203220 /* ExamPostModel.swift */,
				7BBA57ED29DC20D400203220 /* ExamResModel.swift */,
			);
			path = ExamPost;
			sourceTree = "<group>";
		};
/* End PBXGroup section */

/* Begin PBXNativeTarget section */
		103F556829D49F6200212C6D /* DrugExam 2020 */ = {
			isa = PBXNativeTarget;
			buildConfigurationList = 103F558D29D49F6300212C6D /* Build configuration list for PBXNativeTarget "DrugExam 2020" */;
			buildPhases = (
				103F556529D49F6200212C6D /* Sources */,
				103F556629D49F6200212C6D /* Frameworks */,
				103F556729D49F6200212C6D /* Resources */,
			);
			buildRules = (
			);
			dependencies = (
			);
			name = "DrugExam 2020";
			packageProductDependencies = (
				7B66184C29D937F70032A0AF /* Alamofire */,
			);
			productName = "DrugExam 2020";
			productReference = 103F556929D49F6200212C6D /* DrugExam 2020.app */;
			productType = "com.apple.product-type.application";
		};
		103F557829D49F6300212C6D /* DrugExam 2020Tests */ = {
			isa = PBXNativeTarget;
			buildConfigurationList = 103F559029D49F6300212C6D /* Build configuration list for PBXNativeTarget "DrugExam 2020Tests" */;
			buildPhases = (
				103F557529D49F6300212C6D /* Sources */,
				103F557629D49F6300212C6D /* Frameworks */,
				103F557729D49F6300212C6D /* Resources */,
			);
			buildRules = (
			);
			dependencies = (
				103F557B29D49F6300212C6D /* PBXTargetDependency */,
			);
			name = "DrugExam 2020Tests";
			productName = "DrugExam 2020Tests";
			productReference = 103F557929D49F6300212C6D /* DrugExam 2020Tests.xctest */;
			productType = "com.apple.product-type.bundle.unit-test";
		};
		103F558229D49F6300212C6D /* DrugExam 2020UITests */ = {
			isa = PBXNativeTarget;
			buildConfigurationList = 103F559329D49F6300212C6D /* Build configuration list for PBXNativeTarget "DrugExam 2020UITests" */;
			buildPhases = (
				103F557F29D49F6300212C6D /* Sources */,
				103F558029D49F6300212C6D /* Frameworks */,
				103F558129D49F6300212C6D /* Resources */,
			);
			buildRules = (
			);
			dependencies = (
				103F558529D49F6300212C6D /* PBXTargetDependency */,
			);
			name = "DrugExam 2020UITests";
			productName = "DrugExam 2020UITests";
			productReference = 103F558329D49F6300212C6D /* DrugExam 2020UITests.xctest */;
			productType = "com.apple.product-type.bundle.ui-testing";
		};
/* End PBXNativeTarget section */

/* Begin PBXProject section */
		103F556129D49F6200212C6D /* Project object */ = {
			isa = PBXProject;
			attributes = {
				BuildIndependentTargetsInParallel = 1;
				LastSwiftUpdateCheck = 1420;
				LastUpgradeCheck = 1420;
				TargetAttributes = {
					103F556829D49F6200212C6D = {
						CreatedOnToolsVersion = 14.2;
					};
					103F557829D49F6300212C6D = {
						CreatedOnToolsVersion = 14.2;
						TestTargetID = 103F556829D49F6200212C6D;
					};
					103F558229D49F6300212C6D = {
						CreatedOnToolsVersion = 14.2;
						TestTargetID = 103F556829D49F6200212C6D;
					};
				};
			};
			buildConfigurationList = 103F556429D49F6200212C6D /* Build configuration list for PBXProject "DrugExam 2020" */;
			compatibilityVersion = "Xcode 14.0";
			developmentRegion = en;
			hasScannedForEncodings = 0;
			knownRegions = (
				en,
				Base,
			);
			mainGroup = 103F556029D49F6200212C6D;
			packageReferences = (
				7B66184B29D937F70032A0AF /* XCRemoteSwiftPackageReference "Alamofire" */,
			);
			productRefGroup = 103F556A29D49F6200212C6D /* Products */;
			projectDirPath = "";
			projectRoot = "";
			targets = (
				103F556829D49F6200212C6D /* DrugExam 2020 */,
				103F557829D49F6300212C6D /* DrugExam 2020Tests */,
				103F558229D49F6300212C6D /* DrugExam 2020UITests */,
			);
		};
/* End PBXProject section */

/* Begin PBXResourcesBuildPhase section */
		103F556729D49F6200212C6D /* Resources */ = {
			isa = PBXResourcesBuildPhase;
			buildActionMask = 2147483647;
			files = (
				103F557429D49F6300212C6D /* Preview Assets.xcassets in Resources */,
				103F557129D49F6300212C6D /* Assets.xcassets in Resources */,
			);
			runOnlyForDeploymentPostprocessing = 0;
		};
		103F557729D49F6300212C6D /* Resources */ = {
			isa = PBXResourcesBuildPhase;
			buildActionMask = 2147483647;
			files = (
			);
			runOnlyForDeploymentPostprocessing = 0;
		};
		103F558129D49F6300212C6D /* Resources */ = {
			isa = PBXResourcesBuildPhase;
			buildActionMask = 2147483647;
			files = (
			);
			runOnlyForDeploymentPostprocessing = 0;
		};
/* End PBXResourcesBuildPhase section */

/* Begin PBXSourcesBuildPhase section */
		103F556529D49F6200212C6D /* Sources */ = {
			isa = PBXSourcesBuildPhase;
			buildActionMask = 2147483647;
			files = (
				7B66186929D95D880032A0AF /* UpcomingExam.swift in Sources */,
				1089A5CB29D58B11002CD74F /* FloatingSecureTextField.swift in Sources */,
				7BBA57E629DC1A5B00203220 /* ExamPostModel.swift in Sources */,
				7BBA57EA29DC1AE700203220 /* ExamPost.swift in Sources */,
				7B66187729D973C20032A0AF /* DecimelLimit.swift in Sources */,
				7B66184429D92C600032A0AF /* LogInPost.swift in Sources */,
				10153C2429D5CC1D000EEB8D /* ExamResultView.swift in Sources */,
				7B66185529D939380032A0AF /* Api.swift in Sources */,
				7B66185D29D951FD0032A0AF /* ToastNotification.swift in Sources */,
				1089A5D229D59074002CD74F /* DashboardView.swift in Sources */,
				7B66183E29D92AF40032A0AF /* UserData.swift in Sources */,
				7B66185029D938B50032A0AF /* LogInAuth.swift in Sources */,
				7B8757BF29D835FF00F87C04 /* Timer.swift in Sources */,
				103F559829D49F8D00212C6D /* LogInView.swift in Sources */,
				103F556F29D49F6200212C6D /* ContentView.swift in Sources */,
				7B2498ED29DA7E0E00CDD93E /* QuestionInfo.swift in Sources */,
				7BBA57E129DBD8A700203220 /* ButtonModifier.swift in Sources */,
				7B66184829D92C690032A0AF /* LogInRes.swift in Sources */,
				7B2498F629DA828500CDD93E /* QuestionData.swift in Sources */,
				7B66187229D96CD60032A0AF /* ExamResult.swift in Sources */,
				10153C2D29D6DD3E000EEB8D /* DropdownView.swift in Sources */,
				7B2498F229DA7F2F00CDD93E /* Question.swift in Sources */,
				1089A5CE29D58B11002CD74F /* FloatingTextField.swift in Sources */,
				103F556D29D49F6200212C6D /* DrugExam_2020App.swift in Sources */,
				7B693A8C29E13EE600DF5D52 /* LoadingAnimationCircle.swift in Sources */,
				7B66186D29D96B5C0032A0AF /* ExamResultInfo.swift in Sources */,
				7BBA57EE29DC20D400203220 /* ExamResModel.swift in Sources */,
				7B66186429D95C320032A0AF /* UpcomingExamInfo.swift in Sources */,
				10153C2829D69B7F000EEB8D /* ExamView.swift in Sources */,
			);
			runOnlyForDeploymentPostprocessing = 0;
		};
		103F557529D49F6300212C6D /* Sources */ = {
			isa = PBXSourcesBuildPhase;
			buildActionMask = 2147483647;
			files = (
				7B66185E29D951FD0032A0AF /* ToastNotification.swift in Sources */,
				10153C2929D69B7F000EEB8D /* ExamView.swift in Sources */,
				7BBA57EF29DC20D400203220 /* ExamResModel.swift in Sources */,
				7B693A8D29E13EE600DF5D52 /* LoadingAnimationCircle.swift in Sources */,
				1089A5CC29D58B11002CD74F /* FloatingSecureTextField.swift in Sources */,
				7B2498EE29DA7E0E00CDD93E /* QuestionInfo.swift in Sources */,
				7B66186E29D96B5C0032A0AF /* ExamResultInfo.swift in Sources */,
				103F559929D49F8D00212C6D /* LogInView.swift in Sources */,
				10153C2529D5CC1D000EEB8D /* ExamResultView.swift in Sources */,
				1089A5D329D59074002CD74F /* DashboardView.swift in Sources */,
				10153C2E29D6DD3E000EEB8D /* DropdownView.swift in Sources */,
				7B66183F29D92AF40032A0AF /* UserData.swift in Sources */,
				7B8757C029D835FF00F87C04 /* Timer.swift in Sources */,
				7B66184929D92C690032A0AF /* LogInRes.swift in Sources */,
				7B2498F729DA828500CDD93E /* QuestionData.swift in Sources */,
				7BBA57E729DC1A5B00203220 /* ExamPostModel.swift in Sources */,
				7B66187829D973C20032A0AF /* DecimelLimit.swift in Sources */,
				7BBA57EB29DC1AE700203220 /* ExamPost.swift in Sources */,
				7B2498F329DA7F2F00CDD93E /* Question.swift in Sources */,
				7B66186529D95C320032A0AF /* UpcomingExamInfo.swift in Sources */,
				103F557E29D49F6300212C6D /* DrugExam_2020Tests.swift in Sources */,
				7B66185129D938B50032A0AF /* LogInAuth.swift in Sources */,
				7BBA57E229DBD8A700203220 /* ButtonModifier.swift in Sources */,
				7B66184529D92C600032A0AF /* LogInPost.swift in Sources */,
				7B66185629D939380032A0AF /* Api.swift in Sources */,
				7B66187329D96CD60032A0AF /* ExamResult.swift in Sources */,
				1089A5CF29D58B11002CD74F /* FloatingTextField.swift in Sources */,
				7B66186A29D95D880032A0AF /* UpcomingExam.swift in Sources */,
			);
			runOnlyForDeploymentPostprocessing = 0;
		};
		103F557F29D49F6300212C6D /* Sources */ = {
			isa = PBXSourcesBuildPhase;
			buildActionMask = 2147483647;
			files = (
				7B66186B29D95D880032A0AF /* UpcomingExam.swift in Sources */,
				1089A5CD29D58B11002CD74F /* FloatingSecureTextField.swift in Sources */,
				7BBA57E829DC1A5B00203220 /* ExamPostModel.swift in Sources */,
				7BBA57EC29DC1AE700203220 /* ExamPost.swift in Sources */,
				7B66187929D973C20032A0AF /* DecimelLimit.swift in Sources */,
				7B66184629D92C600032A0AF /* LogInPost.swift in Sources */,
				10153C2629D5CC1D000EEB8D /* ExamResultView.swift in Sources */,
				7B66185729D939380032A0AF /* Api.swift in Sources */,
				7B66185F29D951FD0032A0AF /* ToastNotification.swift in Sources */,
				1089A5D429D59074002CD74F /* DashboardView.swift in Sources */,
				7B66184029D92AF40032A0AF /* UserData.swift in Sources */,
				7B66185229D938B50032A0AF /* LogInAuth.swift in Sources */,
				7B8757C129D835FF00F87C04 /* Timer.swift in Sources */,
				103F559A29D49F8D00212C6D /* LogInView.swift in Sources */,
				103F558829D49F6300212C6D /* DrugExam_2020UITests.swift in Sources */,
				7B2498EF29DA7E0E00CDD93E /* QuestionInfo.swift in Sources */,
				7BBA57E329DBD8A700203220 /* ButtonModifier.swift in Sources */,
				7B66184A29D92C690032A0AF /* LogInRes.swift in Sources */,
				7B2498F829DA828500CDD93E /* QuestionData.swift in Sources */,
				7B66187429D96CD60032A0AF /* ExamResult.swift in Sources */,
				10153C2F29D6DD3E000EEB8D /* DropdownView.swift in Sources */,
				7B2498F429DA7F2F00CDD93E /* Question.swift in Sources */,
				1089A5D029D58B11002CD74F /* FloatingTextField.swift in Sources */,
				103F558A29D49F6300212C6D /* DrugExam_2020UITestsLaunchTests.swift in Sources */,
				7B693A8E29E13EE600DF5D52 /* LoadingAnimationCircle.swift in Sources */,
				7B66186F29D96B5C0032A0AF /* ExamResultInfo.swift in Sources */,
				7BBA57F029DC20D400203220 /* ExamResModel.swift in Sources */,
				7B66186629D95C320032A0AF /* UpcomingExamInfo.swift in Sources */,
				10153C2A29D69B7F000EEB8D /* ExamView.swift in Sources */,
			);
			runOnlyForDeploymentPostprocessing = 0;
		};
/* End PBXSourcesBuildPhase section */

/* Begin PBXTargetDependency section */
		103F557B29D49F6300212C6D /* PBXTargetDependency */ = {
			isa = PBXTargetDependency;
			target = 103F556829D49F6200212C6D /* DrugExam 2020 */;
			targetProxy = 103F557A29D49F6300212C6D /* PBXContainerItemProxy */;
		};
		103F558529D49F6300212C6D /* PBXTargetDependency */ = {
			isa = PBXTargetDependency;
			target = 103F556829D49F6200212C6D /* DrugExam 2020 */;
			targetProxy = 103F558429D49F6300212C6D /* PBXContainerItemProxy */;
		};
/* End PBXTargetDependency section */

/* Begin XCBuildConfiguration section */
		103F558B29D49F6300212C6D /* Debug */ = {
			isa = XCBuildConfiguration;
			buildSettings = {
				ALWAYS_SEARCH_USER_PATHS = NO;
				CLANG_ANALYZER_NONNULL = YES;
				CLANG_ANALYZER_NUMBER_OBJECT_CONVERSION = YES_AGGRESSIVE;
				CLANG_CXX_LANGUAGE_STANDARD = "gnu++20";
				CLANG_ENABLE_MODULES = YES;
				CLANG_ENABLE_OBJC_ARC = YES;
				CLANG_ENABLE_OBJC_WEAK = YES;
				CLANG_WARN_BLOCK_CAPTURE_AUTORELEASING = YES;
				CLANG_WARN_BOOL_CONVERSION = YES;
				CLANG_WARN_COMMA = YES;
				CLANG_WARN_CONSTANT_CONVERSION = YES;
				CLANG_WARN_DEPRECATED_OBJC_IMPLEMENTATIONS = YES;
				CLANG_WARN_DIRECT_OBJC_ISA_USAGE = YES_ERROR;
				CLANG_WARN_DOCUMENTATION_COMMENTS = YES;
				CLANG_WARN_EMPTY_BODY = YES;
				CLANG_WARN_ENUM_CONVERSION = YES;
				CLANG_WARN_INFINITE_RECURSION = YES;
				CLANG_WARN_INT_CONVERSION = YES;
				CLANG_WARN_NON_LITERAL_NULL_CONVERSION = YES;
				CLANG_WARN_OBJC_IMPLICIT_RETAIN_SELF = YES;
				CLANG_WARN_OBJC_LITERAL_CONVERSION = YES;
				CLANG_WARN_OBJC_ROOT_CLASS = YES_ERROR;
				CLANG_WARN_QUOTED_INCLUDE_IN_FRAMEWORK_HEADER = YES;
				CLANG_WARN_RANGE_LOOP_ANALYSIS = YES;
				CLANG_WARN_STRICT_PROTOTYPES = YES;
				CLANG_WARN_SUSPICIOUS_MOVE = YES;
				CLANG_WARN_UNGUARDED_AVAILABILITY = YES_AGGRESSIVE;
				CLANG_WARN_UNREACHABLE_CODE = YES;
				CLANG_WARN__DUPLICATE_METHOD_MATCH = YES;
				COPY_PHASE_STRIP = NO;
				DEBUG_INFORMATION_FORMAT = dwarf;
				ENABLE_STRICT_OBJC_MSGSEND = YES;
				ENABLE_TESTABILITY = YES;
				GCC_C_LANGUAGE_STANDARD = gnu11;
				GCC_DYNAMIC_NO_PIC = NO;
				GCC_NO_COMMON_BLOCKS = YES;
				GCC_OPTIMIZATION_LEVEL = 0;
				GCC_PREPROCESSOR_DEFINITIONS = (
					"DEBUG=1",
					"$(inherited)",
				);
				GCC_WARN_64_TO_32_BIT_CONVERSION = YES;
				GCC_WARN_ABOUT_RETURN_TYPE = YES_ERROR;
				GCC_WARN_UNDECLARED_SELECTOR = YES;
				GCC_WARN_UNINITIALIZED_AUTOS = YES_AGGRESSIVE;
				GCC_WARN_UNUSED_FUNCTION = YES;
				GCC_WARN_UNUSED_VARIABLE = YES;
				IPHONEOS_DEPLOYMENT_TARGET = 16.0;
				MTL_ENABLE_DEBUG_INFO = INCLUDE_SOURCE;
				MTL_FAST_MATH = YES;
				ONLY_ACTIVE_ARCH = YES;
				SDKROOT = iphoneos;
				SWIFT_ACTIVE_COMPILATION_CONDITIONS = DEBUG;
				SWIFT_OPTIMIZATION_LEVEL = "-Onone";
			};
			name = Debug;
		};
		103F558C29D49F6300212C6D /* Release */ = {
			isa = XCBuildConfiguration;
			buildSettings = {
				ALWAYS_SEARCH_USER_PATHS = NO;
				CLANG_ANALYZER_NONNULL = YES;
				CLANG_ANALYZER_NUMBER_OBJECT_CONVERSION = YES_AGGRESSIVE;
				CLANG_CXX_LANGUAGE_STANDARD = "gnu++20";
				CLANG_ENABLE_MODULES = YES;
				CLANG_ENABLE_OBJC_ARC = YES;
				CLANG_ENABLE_OBJC_WEAK = YES;
				CLANG_WARN_BLOCK_CAPTURE_AUTORELEASING = YES;
				CLANG_WARN_BOOL_CONVERSION = YES;
				CLANG_WARN_COMMA = YES;
				CLANG_WARN_CONSTANT_CONVERSION = YES;
				CLANG_WARN_DEPRECATED_OBJC_IMPLEMENTATIONS = YES;
				CLANG_WARN_DIRECT_OBJC_ISA_USAGE = YES_ERROR;
				CLANG_WARN_DOCUMENTATION_COMMENTS = YES;
				CLANG_WARN_EMPTY_BODY = YES;
				CLANG_WARN_ENUM_CONVERSION = YES;
				CLANG_WARN_INFINITE_RECURSION = YES;
				CLANG_WARN_INT_CONVERSION = YES;
				CLANG_WARN_NON_LITERAL_NULL_CONVERSION = YES;
				CLANG_WARN_OBJC_IMPLICIT_RETAIN_SELF = YES;
				CLANG_WARN_OBJC_LITERAL_CONVERSION = YES;
				CLANG_WARN_OBJC_ROOT_CLASS = YES_ERROR;
				CLANG_WARN_QUOTED_INCLUDE_IN_FRAMEWORK_HEADER = YES;
				CLANG_WARN_RANGE_LOOP_ANALYSIS = YES;
				CLANG_WARN_STRICT_PROTOTYPES = YES;
				CLANG_WARN_SUSPICIOUS_MOVE = YES;
				CLANG_WARN_UNGUARDED_AVAILABILITY = YES_AGGRESSIVE;
				CLANG_WARN_UNREACHABLE_CODE = YES;
				CLANG_WARN__DUPLICATE_METHOD_MATCH = YES;
				COPY_PHASE_STRIP = NO;
				DEBUG_INFORMATION_FORMAT = "dwarf-with-dsym";
				ENABLE_NS_ASSERTIONS = NO;
				ENABLE_STRICT_OBJC_MSGSEND = YES;
				GCC_C_LANGUAGE_STANDARD = gnu11;
				GCC_NO_COMMON_BLOCKS = YES;
				GCC_WARN_64_TO_32_BIT_CONVERSION = YES;
				GCC_WARN_ABOUT_RETURN_TYPE = YES_ERROR;
				GCC_WARN_UNDECLARED_SELECTOR = YES;
				GCC_WARN_UNINITIALIZED_AUTOS = YES_AGGRESSIVE;
				GCC_WARN_UNUSED_FUNCTION = YES;
				GCC_WARN_UNUSED_VARIABLE = YES;
				IPHONEOS_DEPLOYMENT_TARGET = 16.0;
				MTL_ENABLE_DEBUG_INFO = NO;
				MTL_FAST_MATH = YES;
				SDKROOT = iphoneos;
				SWIFT_COMPILATION_MODE = wholemodule;
				SWIFT_OPTIMIZATION_LEVEL = "-O";
				VALIDATE_PRODUCT = YES;
			};
			name = Release;
		};
		103F558E29D49F6300212C6D /* Debug */ = {
			isa = XCBuildConfiguration;
			buildSettings = {
				ASSETCATALOG_COMPILER_APPICON_NAME = AppIcon;
				ASSETCATALOG_COMPILER_GLOBAL_ACCENT_COLOR_NAME = AccentColor;
				CODE_SIGN_STYLE = Automatic;
				CURRENT_PROJECT_VERSION = 1.0.1.1;
				DEVELOPMENT_ASSET_PATHS = "\"DrugExam 2020/Preview Content\"";
				DEVELOPMENT_TEAM = 94AJ5AU8D9;
				ENABLE_PREVIEWS = YES;
				GENERATE_INFOPLIST_FILE = YES;
				INFOPLIST_KEY_CFBundleDisplayName = DrugExam;
				INFOPLIST_KEY_LSApplicationCategoryType = "public.app-category.education";
				INFOPLIST_KEY_UIApplicationSceneManifest_Generation = YES;
				INFOPLIST_KEY_UIApplicationSupportsIndirectInputEvents = YES;
				INFOPLIST_KEY_UILaunchScreen_Generation = YES;
				INFOPLIST_KEY_UISupportedInterfaceOrientations_iPad = "UIInterfaceOrientationPortrait UIInterfaceOrientationPortraitUpsideDown UIInterfaceOrientationLandscapeLeft UIInterfaceOrientationLandscapeRight";
				INFOPLIST_KEY_UISupportedInterfaceOrientations_iPhone = "UIInterfaceOrientationPortrait UIInterfaceOrientationLandscapeLeft UIInterfaceOrientationLandscapeRight";
				IPHONEOS_DEPLOYMENT_TARGET = 16.0;
				LD_RUNPATH_SEARCH_PATHS = (
					"$(inherited)",
					"@executable_path/Frameworks",
				);
				MARKETING_VERSION = 1.0.1;
				PRODUCT_BUNDLE_IDENTIFIER = com.drug.drugexam.ios;
				PRODUCT_NAME = "$(TARGET_NAME)";
				SWIFT_EMIT_LOC_STRINGS = YES;
				SWIFT_VERSION = 5.0;
				TARGETED_DEVICE_FAMILY = "1,2";
			};
			name = Debug;
		};
		103F558F29D49F6300212C6D /* Release */ = {
			isa = XCBuildConfiguration;
			buildSettings = {
				ASSETCATALOG_COMPILER_APPICON_NAME = AppIcon;
				ASSETCATALOG_COMPILER_GLOBAL_ACCENT_COLOR_NAME = AccentColor;
				CODE_SIGN_STYLE = Automatic;
				CURRENT_PROJECT_VERSION = 1.0.1.1;
				DEVELOPMENT_ASSET_PATHS = "\"DrugExam 2020/Preview Content\"";
				DEVELOPMENT_TEAM = 94AJ5AU8D9;
				ENABLE_PREVIEWS = YES;
				GENERATE_INFOPLIST_FILE = YES;
				INFOPLIST_KEY_CFBundleDisplayName = DrugExam;
				INFOPLIST_KEY_LSApplicationCategoryType = "public.app-category.education";
				INFOPLIST_KEY_UIApplicationSceneManifest_Generation = YES;
				INFOPLIST_KEY_UIApplicationSupportsIndirectInputEvents = YES;
				INFOPLIST_KEY_UILaunchScreen_Generation = YES;
				INFOPLIST_KEY_UISupportedInterfaceOrientations_iPad = "UIInterfaceOrientationPortrait UIInterfaceOrientationPortraitUpsideDown UIInterfaceOrientationLandscapeLeft UIInterfaceOrientationLandscapeRight";
				INFOPLIST_KEY_UISupportedInterfaceOrientations_iPhone = "UIInterfaceOrientationPortrait UIInterfaceOrientationLandscapeLeft UIInterfaceOrientationLandscapeRight";
				IPHONEOS_DEPLOYMENT_TARGET = 16.0;
				LD_RUNPATH_SEARCH_PATHS = (
					"$(inherited)",
					"@executable_path/Frameworks",
				);
				MARKETING_VERSION = 1.0.1;
				PRODUCT_BUNDLE_IDENTIFIER = com.drug.drugexam.ios;
				PRODUCT_NAME = "$(TARGET_NAME)";
				SWIFT_EMIT_LOC_STRINGS = YES;
				SWIFT_VERSION = 5.0;
				TARGETED_DEVICE_FAMILY = "1,2";
			};
			name = Release;
		};
		103F559129D49F6300212C6D /* Debug */ = {
			isa = XCBuildConfiguration;
			buildSettings = {
				ALWAYS_EMBED_SWIFT_STANDARD_LIBRARIES = YES;
				BUNDLE_LOADER = "$(TEST_HOST)";
				CODE_SIGN_STYLE = Automatic;
				CURRENT_PROJECT_VERSION = 1;
				GENERATE_INFOPLIST_FILE = YES;
				IPHONEOS_DEPLOYMENT_TARGET = 16.0;
				MARKETING_VERSION = 1.0;
				PRODUCT_BUNDLE_IDENTIFIER = "com.mdabirhossain.DrugExam-2020Tests";
				PRODUCT_NAME = "$(TARGET_NAME)";
				SWIFT_EMIT_LOC_STRINGS = NO;
				SWIFT_VERSION = 5.0;
				TARGETED_DEVICE_FAMILY = "1,2";
				TEST_HOST = "$(BUILT_PRODUCTS_DIR)/DrugExam 2020.app/$(BUNDLE_EXECUTABLE_FOLDER_PATH)/DrugExam 2020";
			};
			name = Debug;
		};
		103F559229D49F6300212C6D /* Release */ = {
			isa = XCBuildConfiguration;
			buildSettings = {
				ALWAYS_EMBED_SWIFT_STANDARD_LIBRARIES = YES;
				BUNDLE_LOADER = "$(TEST_HOST)";
				CODE_SIGN_STYLE = Automatic;
				CURRENT_PROJECT_VERSION = 1;
				GENERATE_INFOPLIST_FILE = YES;
				IPHONEOS_DEPLOYMENT_TARGET = 16.0;
				MARKETING_VERSION = 1.0;
				PRODUCT_BUNDLE_IDENTIFIER = "com.mdabirhossain.DrugExam-2020Tests";
				PRODUCT_NAME = "$(TARGET_NAME)";
				SWIFT_EMIT_LOC_STRINGS = NO;
				SWIFT_VERSION = 5.0;
				TARGETED_DEVICE_FAMILY = "1,2";
				TEST_HOST = "$(BUILT_PRODUCTS_DIR)/DrugExam 2020.app/$(BUNDLE_EXECUTABLE_FOLDER_PATH)/DrugExam 2020";
			};
			name = Release;
		};
		103F559429D49F6300212C6D /* Debug */ = {
			isa = XCBuildConfiguration;
			buildSettings = {
				ALWAYS_EMBED_SWIFT_STANDARD_LIBRARIES = YES;
				CODE_SIGN_STYLE = Automatic;
				CURRENT_PROJECT_VERSION = 1;
				GENERATE_INFOPLIST_FILE = YES;
				MARKETING_VERSION = 1.0;
				PRODUCT_BUNDLE_IDENTIFIER = "com.mdabirhossain.DrugExam-2020UITests";
				PRODUCT_NAME = "$(TARGET_NAME)";
				SWIFT_EMIT_LOC_STRINGS = NO;
				SWIFT_VERSION = 5.0;
				TARGETED_DEVICE_FAMILY = "1,2";
				TEST_TARGET_NAME = "DrugExam 2020";
			};
			name = Debug;
		};
		103F559529D49F6300212C6D /* Release */ = {
			isa = XCBuildConfiguration;
			buildSettings = {
				ALWAYS_EMBED_SWIFT_STANDARD_LIBRARIES = YES;
				CODE_SIGN_STYLE = Automatic;
				CURRENT_PROJECT_VERSION = 1;
				GENERATE_INFOPLIST_FILE = YES;
				MARKETING_VERSION = 1.0;
				PRODUCT_BUNDLE_IDENTIFIER = "com.mdabirhossain.DrugExam-2020UITests";
				PRODUCT_NAME = "$(TARGET_NAME)";
				SWIFT_EMIT_LOC_STRINGS = NO;
				SWIFT_VERSION = 5.0;
				TARGETED_DEVICE_FAMILY = "1,2";
				TEST_TARGET_NAME = "DrugExam 2020";
			};
			name = Release;
		};
/* End XCBuildConfiguration section */

/* Begin XCConfigurationList section */
		103F556429D49F6200212C6D /* Build configuration list for PBXProject "DrugExam 2020" */ = {
			isa = XCConfigurationList;
			buildConfigurations = (
				103F558B29D49F6300212C6D /* Debug */,
				103F558C29D49F6300212C6D /* Release */,
			);
			defaultConfigurationIsVisible = 0;
			defaultConfigurationName = Release;
		};
		103F558D29D49F6300212C6D /* Build configuration list for PBXNativeTarget "DrugExam 2020" */ = {
			isa = XCConfigurationList;
			buildConfigurations = (
				103F558E29D49F6300212C6D /* Debug */,
				103F558F29D49F6300212C6D /* Release */,
			);
			defaultConfigurationIsVisible = 0;
			defaultConfigurationName = Release;
		};
		103F559029D49F6300212C6D /* Build configuration list for PBXNativeTarget "DrugExam 2020Tests" */ = {
			isa = XCConfigurationList;
			buildConfigurations = (
				103F559129D49F6300212C6D /* Debug */,
				103F559229D49F6300212C6D /* Release */,
			);
			defaultConfigurationIsVisible = 0;
			defaultConfigurationName = Release;
		};
		103F559329D49F6300212C6D /* Build configuration list for PBXNativeTarget "DrugExam 2020UITests" */ = {
			isa = XCConfigurationList;
			buildConfigurations = (
				103F559429D49F6300212C6D /* Debug */,
				103F559529D49F6300212C6D /* Release */,
			);
			defaultConfigurationIsVisible = 0;
			defaultConfigurationName = Release;
		};
/* End XCConfigurationList section */

/* Begin XCRemoteSwiftPackageReference section */
		7B66184B29D937F70032A0AF /* XCRemoteSwiftPackageReference "Alamofire" */ = {
			isa = XCRemoteSwiftPackageReference;
			repositoryURL = "https://github.com/Alamofire/Alamofire.git";
			requirement = {
				branch = master;
				kind = branch;
			};
		};
/* End XCRemoteSwiftPackageReference section */

/* Begin XCSwiftPackageProductDependency section */
		7B66184C29D937F70032A0AF /* Alamofire */ = {
			isa = XCSwiftPackageProductDependency;
			package = 7B66184B29D937F70032A0AF /* XCRemoteSwiftPackageReference "Alamofire" */;
			productName = Alamofire;
		};
/* End XCSwiftPackageProductDependency section */
	};
	rootObject = 103F556129D49F6200212C6D /* Project object */;
}
